
Microsoft Visual Studio Solution File, Format Version 12.00
# Visual Studio 15
VisualStudioVersion = 15.0.28010.2003
MinimumVisualStudioVersion = 10.0.40219.1
Project("{FAE04EC0-301F-11D3-BF4B-00C04F79EFBC}") = "Task1", "Task1\Task1.csproj", "{D3086A10-FB87-4F71-AA48-E840744CA1D6}"
EndProject
Project("{FAE04EC0-301F-11D3-BF4B-00C04F79EFBC}") = "TestCore", "TestCore\TestCore.csproj", "{9081C1C3-E90D-4A70-A796-E9C5B47443F3}"
EndProject
Project("{FAE04EC0-301F-11D3-BF4B-00C04F79EFBC}") = "Task2", "Task2\Task2.csproj", "{1A79F5BC-8B02-4A1B-B41D-BCFDF661422D}"
EndProject
Project("{FAE04EC0-301F-11D3-BF4B-00C04F79EFBC}") = "Task3", "Task3\Task3.csproj", "{F410A1EC-753B-4F32-B3E3-488E4A6C864E}"
EndProject
Project("{FAE04EC0-301F-11D3-BF4B-00C04F79EFBC}") = "Task4", "Task4\Task4.csproj", "{C540D547-B8D7-4704-8043-DE899DAB5EFC}"
EndProject
Project("{FAE04EC0-301F-11D3-BF4B-00C04F79EFBC}") = "Task5", "Task5\Task5.csproj", "{25A66E2A-CFC8-470B-A16D-33499D58DE60}"
EndProject
Project("{FAE04EC0-301F-11D3-BF4B-00C04F79EFBC}") = "Task6", "Task6\Task6.csproj", "{8A84D1A9-673A-4C85-9713-0902C2AFF19F}"
EndProject
Project("{FAE04EC0-301F-11D3-BF4B-00C04F79EFBC}") = "Task7", "Task7\Task7.csproj", "{58A73D20-0812-4036-8F76-B9DAA11EE651}"
EndProject
Project("{FAE04EC0-301F-11D3-BF4B-00C04F79EFBC}") = "Task8", "Task8\Task8.csproj", "{BC974248-A37D-4626-8EE8-9F81C68A7B44}"
EndProject
Project("{FAE04EC0-301F-11D3-BF4B-00C04F79EFBC}") = "Task9", "Task9\Task9.csproj", "{A54306FA-D258-4477-98ED-18EC272FE910}"
EndProject
Project("{FAE04EC0-301F-11D3-BF4B-00C04F79EFBC}") = "Task10", "Task10\Task10.csproj", "{726A6239-D19B-4AB3-9E2A-F8678DF6E116}"
EndProject
Global
	GlobalSection(SolutionConfigurationPlatforms) = preSolution
		Debug|Any CPU = Debug|Any CPU
		Release|Any CPU = Release|Any CPU
	EndGlobalSection
	GlobalSection(ProjectConfigurationPlatforms) = postSolution
		{D3086A10-FB87-4F71-AA48-E840744CA1D6}.Debug|Any CPU.ActiveCfg = Debug|Any CPU
		{D3086A10-FB87-4F71-AA48-E840744CA1D6}.Debug|Any CPU.Build.0 = Debug|Any CPU
		{D3086A10-FB87-4F71-AA48-E840744CA1D6}.Release|Any CPU.ActiveCfg = Release|Any CPU
		{D3086A10-FB87-4F71-AA48-E840744CA1D6}.Release|Any CPU.Build.0 = Release|Any CPU
		{9081C1C3-E90D-4A70-A796-E9C5B47443F3}.Debug|Any CPU.ActiveCfg = Debug|Any CPU
		{9081C1C3-E90D-4A70-A796-E9C5B47443F3}.Debug|Any CPU.Build.0 = Debug|Any CPU
		{9081C1C3-E90D-4A70-A796-E9C5B47443F3}.Release|Any CPU.ActiveCfg = Release|Any CPU
		{9081C1C3-E90D-4A70-A796-E9C5B47443F3}.Release|Any CPU.Build.0 = Release|Any CPU
		{1A79F5BC-8B02-4A1B-B41D-BCFDF661422D}.Debug|Any CPU.ActiveCfg = Debug|Any CPU
		{1A79F5BC-8B02-4A1B-B41D-BCFDF661422D}.Debug|Any CPU.Build.0 = Debug|Any CPU
		{1A79F5BC-8B02-4A1B-B41D-BCFDF661422D}.Release|Any CPU.ActiveCfg = Release|Any CPU
		{1A79F5BC-8B02-4A1B-B41D-BCFDF661422D}.Release|Any CPU.Build.0 = Release|Any CPU
		{F410A1EC-753B-4F32-B3E3-488E4A6C864E}.Debug|Any CPU.ActiveCfg = Debug|Any CPU
		{F410A1EC-753B-4F32-B3E3-488E4A6C864E}.Debug|Any CPU.Build.0 = Debug|Any CPU
		{F410A1EC-753B-4F32-B3E3-488E4A6C864E}.Release|Any CPU.ActiveCfg = Release|Any CPU
		{F410A1EC-753B-4F32-B3E3-488E4A6C864E}.Release|Any CPU.Build.0 = Release|Any CPU
		{C540D547-B8D7-4704-8043-DE899DAB5EFC}.Debug|Any CPU.ActiveCfg = Debug|Any CPU
		{C540D547-B8D7-4704-8043-DE899DAB5EFC}.Debug|Any CPU.Build.0 = Debug|Any CPU
		{C540D547-B8D7-4704-8043-DE899DAB5EFC}.Release|Any CPU.ActiveCfg = Release|Any CPU
		{C540D547-B8D7-4704-8043-DE899DAB5EFC}.Release|Any CPU.Build.0 = Release|Any CPU
		{25A66E2A-CFC8-470B-A16D-33499D58DE60}.Debug|Any CPU.ActiveCfg = Debug|Any CPU
		{25A66E2A-CFC8-470B-A16D-33499D58DE60}.Debug|Any CPU.Build.0 = Debug|Any CPU
		{25A66E2A-CFC8-470B-A16D-33499D58DE60}.Release|Any CPU.ActiveCfg = Release|Any CPU
		{25A66E2A-CFC8-470B-A16D-33499D58DE60}.Release|Any CPU.Build.0 = Release|Any CPU
		{8A84D1A9-673A-4C85-9713-0902C2AFF19F}.Debug|Any CPU.ActiveCfg = Debug|Any CPU
		{8A84D1A9-673A-4C85-9713-0902C2AFF19F}.Debug|Any CPU.Build.0 = Debug|Any CPU
		{8A84D1A9-673A-4C85-9713-0902C2AFF19F}.Release|Any CPU.ActiveCfg = Release|Any CPU
		{8A84D1A9-673A-4C85-9713-0902C2AFF19F}.Release|Any CPU.Build.0 = Release|Any CPU
		{58A73D20-0812-4036-8F76-B9DAA11EE651}.Debug|Any CPU.ActiveCfg = Debug|Any CPU
		{58A73D20-0812-4036-8F76-B9DAA11EE651}.Debug|Any CPU.Build.0 = Debug|Any CPU
		{58A73D20-0812-4036-8F76-B9DAA11EE651}.Release|Any CPU.ActiveCfg = Release|Any CPU
		{58A73D20-0812-4036-8F76-B9DAA11EE651}.Release|Any CPU.Build.0 = Release|Any CPU
		{BC974248-A37D-4626-8EE8-9F81C68A7B44}.Debug|Any CPU.ActiveCfg = Debug|Any CPU
		{BC974248-A37D-4626-8EE8-9F81C68A7B44}.Debug|Any CPU.Build.0 = Debug|Any CPU
		{BC974248-A37D-4626-8EE8-9F81C68A7B44}.Release|Any CPU.ActiveCfg = Release|Any CPU
		{BC974248-A37D-4626-8EE8-9F81C68A7B44}.Release|Any CPU.Build.0 = Release|Any CPU
		{A54306FA-D258-4477-98ED-18EC272FE910}.Debug|Any CPU.ActiveCfg = Debug|Any CPU
		{A54306FA-D258-4477-98ED-18EC272FE910}.Debug|Any CPU.Build.0 = Debug|Any CPU
		{A54306FA-D258-4477-98ED-18EC272FE910}.Release|Any CPU.ActiveCfg = Release|Any CPU
		{A54306FA-D258-4477-98ED-18EC272FE910}.Release|Any CPU.Build.0 = Release|Any CPU
		{726A6239-D19B-4AB3-9E2A-F8678DF6E116}.Debug|Any CPU.ActiveCfg = Debug|Any CPU
		{726A6239-D19B-4AB3-9E2A-F8678DF6E116}.Debug|Any CPU.Build.0 = Debug|Any CPU
		{726A6239-D19B-4AB3-9E2A-F8678DF6E116}.Release|Any CPU.ActiveCfg = Release|Any CPU
		{726A6239-D19B-4AB3-9E2A-F8678DF6E116}.Release|Any CPU.Build.0 = Release|Any CPU
	EndGlobalSection
	GlobalSection(SolutionProperties) = preSolution
		HideSolutionNode = FALSE
	EndGlobalSection
	GlobalSection(ExtensibilityGlobals) = postSolution
		SolutionGuid = {C403DC2A-C648-4BB5-A919-FDA57780FEED}
	EndGlobalSection
EndGlobal
